<?xml version="1.0" encoding="utf-8"?>
<Project ToolsVersion="4.0" xmlns="http://schemas.microsoft.com/developer/msbuild/2003">
  <ItemGroup>
    <Filter Include="Source Files">
      <UniqueIdentifier>{4FC737F1-C7A5-4376-A066-2A32D752A2FF}</UniqueIdentifier>
      <Extensions>cpp;c;cc;cxx;def;odl;idl;hpj;bat;asm;asmx</Extensions>
    </Filter>
    <Filter Include="Header Files">
      <UniqueIdentifier>{93995380-89BD-4b04-88EB-625FBE52EBFB}</UniqueIdentifier>
      <Extensions>h;hh;hpp;hxx;hm;inl;inc;ipp;xsd</Extensions>
    </Filter>
    <Filter Include="Resource Files">
      <UniqueIdentifier>{67DA6AB6-F800-4c08-8B7A-83BB121AAD01}</UniqueIdentifier>
      <Extensions>rc;ico;cur;bmp;dlg;rc2;rct;bin;rgs;gif;jpg;jpeg;jpe;resx;tiff;tif;png;wav;mfcribbon-ms</Extensions>
    </Filter>
  </ItemGroup>
  <ItemGroup>
    <ClCompile Include="src\world\data\BlockData.cpp">
      <Filter>Source Files</Filter>
    </ClCompile>
    <ClCompile Include="src\world\data\ChunkQuery.cpp">
      <Filter>Source Files</Filter>
    </ClCompile>
    <ClCompile Include="src\world\data\WorldQuery.cpp">
      <Filter>Source Files</Filter>
    </ClCompile>
    <ClCompile Include="src\world\Query.cpp">
      <Filter>Source Files</Filter>
    </ClCompile>
    <ClCompile Include="src\world\data\ChunkData.cpp">
      <Filter>Source Files</Filter>
    </ClCompile>
    <ClCompile Include="src\world\World.cpp">
      <Filter>Source Files</Filter>
    </ClCompile>
    <ClCompile Include="src\world\BlockRegistry.cpp">
      <Filter>Source Files</Filter>
    </ClCompile>
    <ClCompile Include="src\world\data\Propagation.cpp">
      <Filter>Source Files</Filter>
    </ClCompile>
    <ClCompile Include="src\world\util\Raytrace.cpp">
      <Filter>Source Files</Filter>
    </ClCompile>
    <ClCompile Include="src\world\util\Side.cpp">
      <Filter>Source Files</Filter>
    </ClCompile>
    <ClCompile Include="src\world\data\ChunkStorage.cpp">
      <Filter>Source Files</Filter>
    </ClCompile>
    <ClCompile Include="src\world\data\Chunk.cpp">
      <Filter>Source Files</Filter>
    </ClCompile>
    <ClCompile Include="src\world\data\BlockLoader.cpp">
      <Filter>Source Files</Filter>
    </ClCompile>
    <ClCompile Include="src\world\data\BlockRegion.cpp">
      <Filter>Source Files</Filter>
    </ClCompile>
    <ClCompile Include="src\world\render\BlockModelLoader.cpp">
      <Filter>Source Files</Filter>
    </ClCompile>
    <ClCompile Include="src\world\render\BlockTextureAtlas.cpp">
      <Filter>Source Files</Filter>
    </ClCompile>
    <ClCompile Include="src\world\render\BlockTextureLoader.cpp">
      <Filter>Source Files</Filter>
    </ClCompile>
    <ClCompile Include="src\world\render\TextureData.cpp">
      <Filter>Source Files</Filter>
    </ClCompile>
    <ClCompile Include="src\world\render\BlockRenderLoader.cpp">
      <Filter>Source Files</Filter>
    </ClCompile>
    <ClCompile Include="src\world\render\BlockRenderRegistry.cpp">
      <Filter>Source Files</Filter>
    </ClCompile>
    <ClCompile Include="src\world\render\meshing\NaiveGreedyMesher.cpp">
      <Filter>Source Files</Filter>
    </ClCompile>
    <ClCompile Include="src\world\render\meshing\ChunkMesher.cpp">
      <Filter>Source Files</Filter>
    </ClCompile>
    <ClCompile Include="src\world\render\ChunkRenderStorage.cpp">
      <Filter>Source Files</Filter>
    </ClCompile>
    <ClCompile Include="src\core\Engine.cpp">
      <Filter>Source Files</Filter>
    </ClCompile>
    <ClCompile Include="src\core\Setup.cpp">
      <Filter>Source Files</Filter>
    </ClCompile>
    <ClCompile Include="src\world\Universe.cpp">
      <Filter>Source Files</Filter>
    </ClCompile>
    <ClCompile Include="src\world\render\WorldRender.cpp">
      <Filter>Source Files</Filter>
    </ClCompile>
    <ClCompile Include="src\editor\util\Cursor.cpp">
      <Filter>Source Files</Filter>
    </ClCompile>
  </ItemGroup>
  <ItemGroup>
    <ClInclude Include="src\world\data\BlockData.h">
      <Filter>Header Files</Filter>
    </ClInclude>
    <ClInclude Include="src\world\data\ChunkQuery.h">
      <Filter>Header Files</Filter>
    </ClInclude>
    <ClInclude Include="src\world\data\WorldQuery.h">
      <Filter>Header Files</Filter>
    </ClInclude>
    <ClInclude Include="src\world\Query.h">
      <Filter>Header Files</Filter>
    </ClInclude>
    <ClInclude Include="src\world\data\ChunkData.h">
      <Filter>Header Files</Filter>
    </ClInclude>
    <ClInclude Include="src\world\World.h">
      <Filter>Header Files</Filter>
    </ClInclude>
    <ClInclude Include="src\world\BlockRegistry.h">
      <Filter>Header Files</Filter>
    </ClInclude>
    <ClInclude Include="src\world\data\Propagation.h">
      <Filter>Header Files</Filter>
    </ClInclude>
    <ClInclude Include="src\world\util\Raytrace.h">
      <Filter>Header Files</Filter>
    </ClInclude>
    <ClInclude Include="src\world\util\Side.h">
      <Filter>Header Files</Filter>
    </ClInclude>
    <ClInclude Include="src\world\event\ChunkEvents.h">
      <Filter>Header Files</Filter>
    </ClInclude>
    <ClInclude Include="src\world\data\ChunkStorage.h">
      <Filter>Header Files</Filter>
    </ClInclude>
    <ClInclude Include="src\world\data\Chunk.h">
      <Filter>Header Files</Filter>
    </ClInclude>
    <ClInclude Include="src\world\data\BlockLoader.h">
      <Filter>Header Files</Filter>
    </ClInclude>
    <ClInclude Include="src\world\data\BlockRegion.h">
      <Filter>Header Files</Filter>
    </ClInclude>
    <ClInclude Include="src\world\util\Index.h">
      <Filter>Header Files</Filter>
    </ClInclude>
    <ClInclude Include="src\world\util\Limits.h">
      <Filter>Header Files</Filter>
    </ClInclude>
    <ClInclude Include="src\world\Block.h">
      <Filter>Header Files</Filter>
    </ClInclude>
    <ClInclude Include="src\world\render\BlockModel.h">
      <Filter>Header Files</Filter>
    </ClInclude>
    <ClInclude Include="src\world\render\BlockModelLoader.h">
      <Filter>Header Files</Filter>
    </ClInclude>
    <ClInclude Include="src\world\render\BlockTexture.h">
      <Filter>Header Files</Filter>
    </ClInclude>
    <ClInclude Include="src\world\render\BlockTextureAtlas.h">
      <Filter>Header Files</Filter>
    </ClInclude>
    <ClInclude Include="src\world\render\BlockTextureLoader.h">
      <Filter>Header Files</Filter>
    </ClInclude>
    <ClInclude Include="src\world\render\TextureData.h">
      <Filter>Header Files</Filter>
    </ClInclude>
    <ClInclude Include="src\world\render\BlockRender.h">
      <Filter>Header Files</Filter>
    </ClInclude>
    <ClInclude Include="src\world\render\BlockRenderLoader.h">
      <Filter>Header Files</Filter>
    </ClInclude>
    <ClInclude Include="src\world\render\BlockRenderRegistry.h">
      <Filter>Header Files</Filter>
    </ClInclude>
    <ClInclude Include="src\world\render\meshing\NaiveGreedyMesher.h">
      <Filter>Header Files</Filter>
    </ClInclude>
    <ClInclude Include="src\world\render\meshing\ChunkMesher.h">
      <Filter>Header Files</Filter>
    </ClInclude>
    <ClInclude Include="src\world\render\ChunkRenderStorage.h">
      <Filter>Header Files</Filter>
    </ClInclude>
    <ClInclude Include="src\world\render\ChunkModel.h">
      <Filter>Header Files</Filter>
    </ClInclude>
    <ClInclude Include="src\core\Engine.h">
      <Filter>Header Files</Filter>
    </ClInclude>
    <ClInclude Include="src\core\Setup.h">
      <Filter>Header Files</Filter>
    </ClInclude>
    <ClInclude Include="src\world\Universe.h">
      <Filter>Header Files</Filter>
    </ClInclude>
    <ClInclude Include="src\world\render\WorldRender.h">
      <Filter>Header Files</Filter>
    </ClInclude>
    <ClInclude Include="src\editor\util\Cursor.h">
      <Filter>Header Files</Filter>
    </ClInclude>
  </ItemGroup>
</Project>